// !$*UTF8*$!
{
	archiveVersion = 1;
	classes = {
	};
	objectVersion = 46;
	objects = {

/* Begin PBXBuildFile section */
		5549FACB1C8623C0002E12B1 /* NSDate+FeedsDate.swift in Sources */ = {isa = PBXBuildFile; fileRef = 5549FACA1C8623C0002E12B1 /* NSDate+FeedsDate.swift */; };
		5549FACF1C8623D1002E12B1 /* FeedChannel.swift in Sources */ = {isa = PBXBuildFile; fileRef = 5549FACC1C8623D1002E12B1 /* FeedChannel.swift */; };
		5549FAD01C8623D1002E12B1 /* FeedEnclosure.swift in Sources */ = {isa = PBXBuildFile; fileRef = 5549FACD1C8623D1002E12B1 /* FeedEnclosure.swift */; };
		5549FAD11C8623D1002E12B1 /* FeedItem.swift in Sources */ = {isa = PBXBuildFile; fileRef = 5549FACE1C8623D1002E12B1 /* FeedItem.swift */; };
		5572A2E61C86358A00582E7B /* FeedArticleViewController.swift in Sources */ = {isa = PBXBuildFile; fileRef = 5572A2E51C86358A00582E7B /* FeedArticleViewController.swift */; };
		5572A2EB1C863C6E00582E7B /* rss.png in Resources */ = {isa = PBXBuildFile; fileRef = 5572A2EA1C863C6E00582E7B /* rss.png */; };
		5572A2ED1C8745C600582E7B /* FeedCell.swift in Sources */ = {isa = PBXBuildFile; fileRef = 5572A2EC1C8745C600582E7B /* FeedCell.swift */; };
		55CFC4721C84A99B00E151AB /* AppDelegate.swift in Sources */ = {isa = PBXBuildFile; fileRef = 55CFC4711C84A99B00E151AB /* AppDelegate.swift */; };
		55CFC4771C84A99B00E151AB /* Main.storyboard in Resources */ = {isa = PBXBuildFile; fileRef = 55CFC4751C84A99B00E151AB /* Main.storyboard */; };
		55CFC47C1C84A99B00E151AB /* Assets.xcassets in Resources */ = {isa = PBXBuildFile; fileRef = 55CFC47B1C84A99B00E151AB /* Assets.xcassets */; };
		55CFC48A1C84A99B00E151AB /* AbercrombieTests.swift in Sources */ = {isa = PBXBuildFile; fileRef = 55CFC4891C84A99B00E151AB /* AbercrombieTests.swift */; };
		55CFC4951C84A99B00E151AB /* AbercrombieUITests.swift in Sources */ = {isa = PBXBuildFile; fileRef = 55CFC4941C84A99B00E151AB /* AbercrombieUITests.swift */; };
		55CFC4A31C84A9AE00E151AB /* CoreData.framework in Frameworks */ = {isa = PBXBuildFile; fileRef = 55CFC4A21C84A9AE00E151AB /* CoreData.framework */; };
		55CFC4A51C84AB9F00E151AB /* FeedTableViewController.swift in Sources */ = {isa = PBXBuildFile; fileRef = 55CFC4A41C84AB9F00E151AB /* FeedTableViewController.swift */; };
		55CFC4A81C84AD4C00E151AB /* FeedParser.swift in Sources */ = {isa = PBXBuildFile; fileRef = 55CFC4A71C84AD4C00E151AB /* FeedParser.swift */; };
/* End PBXBuildFile section */

/* Begin PBXContainerItemProxy section */
		55CFC4861C84A99B00E151AB /* PBXContainerItemProxy */ = {
			isa = PBXContainerItemProxy;
			containerPortal = 55CFC4661C84A99B00E151AB /* Project object */;
			proxyType = 1;
			remoteGlobalIDString = 55CFC46D1C84A99B00E151AB;
			remoteInfo = Abercrombie;
		};
		55CFC4911C84A99B00E151AB /* PBXContainerItemProxy */ = {
			isa = PBXContainerItemProxy;
			containerPortal = 55CFC4661C84A99B00E151AB /* Project object */;
			proxyType = 1;
			remoteGlobalIDString = 55CFC46D1C84A99B00E151AB;
			remoteInfo = Abercrombie;
		};
/* End PBXContainerItemProxy section */

/* Begin PBXFileReference section */
		5549FACA1C8623C0002E12B1 /* NSDate+FeedsDate.swift */ = {isa = PBXFileReference; fileEncoding = 4; lastKnownFileType = sourcecode.swift; path = "NSDate+FeedsDate.swift"; sourceTree = "<group>"; };
		5549FACC1C8623D1002E12B1 /* FeedChannel.swift */ = {isa = PBXFileReference; fileEncoding = 4; lastKnownFileType = sourcecode.swift; path = FeedChannel.swift; sourceTree = "<group>"; };
		5549FACD1C8623D1002E12B1 /* FeedEnclosure.swift */ = {isa = PBXFileReference; fileEncoding = 4; lastKnownFileType = sourcecode.swift; path = FeedEnclosure.swift; sourceTree = "<group>"; };
		5549FACE1C8623D1002E12B1 /* FeedItem.swift */ = {isa = PBXFileReference; fileEncoding = 4; lastKnownFileType = sourcecode.swift; path = FeedItem.swift; sourceTree = "<group>"; };
		5572A2E51C86358A00582E7B /* FeedArticleViewController.swift */ = {isa = PBXFileReference; fileEncoding = 4; lastKnownFileType = sourcecode.swift; path = FeedArticleViewController.swift; sourceTree = "<group>"; };
		5572A2EA1C863C6E00582E7B /* rss.png */ = {isa = PBXFileReference; lastKnownFileType = image.png; path = rss.png; sourceTree = "<group>"; };
		5572A2EC1C8745C600582E7B /* FeedCell.swift */ = {isa = PBXFileReference; fileEncoding = 4; lastKnownFileType = sourcecode.swift; path = FeedCell.swift; sourceTree = "<group>"; };
		55CFC46E1C84A99B00E151AB /* Abercrombie.app */ = {isa = PBXFileReference; explicitFileType = wrapper.application; includeInIndex = 0; path = Abercrombie.app; sourceTree = BUILT_PRODUCTS_DIR; };
		55CFC4711C84A99B00E151AB /* AppDelegate.swift */ = {isa = PBXFileReference; lastKnownFileType = sourcecode.swift; path = AppDelegate.swift; sourceTree = "<group>"; };
		55CFC4761C84A99B00E151AB /* Base */ = {isa = PBXFileReference; lastKnownFileType = file.storyboard; name = Base; path = Base.lproj/Main.storyboard; sourceTree = "<group>"; };
		55CFC47B1C84A99B00E151AB /* Assets.xcassets */ = {isa = PBXFileReference; lastKnownFileType = folder.assetcatalog; path = Assets.xcassets; sourceTree = "<group>"; };
		55CFC4801C84A99B00E151AB /* Info.plist */ = {isa = PBXFileReference; lastKnownFileType = text.plist.xml; path = Info.plist; sourceTree = "<group>"; };
		55CFC4851C84A99B00E151AB /* AbercrombieTests.xctest */ = {isa = PBXFileReference; explicitFileType = wrapper.cfbundle; includeInIndex = 0; path = AbercrombieTests.xctest; sourceTree = BUILT_PRODUCTS_DIR; };
		55CFC4891C84A99B00E151AB /* AbercrombieTests.swift */ = {isa = PBXFileReference; lastKnownFileType = sourcecode.swift; path = AbercrombieTests.swift; sourceTree = "<group>"; };
		55CFC48B1C84A99B00E151AB /* Info.plist */ = {isa = PBXFileReference; lastKnownFileType = text.plist.xml; path = Info.plist; sourceTree = "<group>"; };
		55CFC4901C84A99B00E151AB /* AbercrombieUITests.xctest */ = {isa = PBXFileReference; explicitFileType = wrapper.cfbundle; includeInIndex = 0; path = AbercrombieUITests.xctest; sourceTree = BUILT_PRODUCTS_DIR; };
		55CFC4941C84A99B00E151AB /* AbercrombieUITests.swift */ = {isa = PBXFileReference; lastKnownFileType = sourcecode.swift; path = AbercrombieUITests.swift; sourceTree = "<group>"; };
		55CFC4961C84A99B00E151AB /* Info.plist */ = {isa = PBXFileReference; lastKnownFileType = text.plist.xml; path = Info.plist; sourceTree = "<group>"; };
		55CFC4A21C84A9AE00E151AB /* CoreData.framework */ = {isa = PBXFileReference; lastKnownFileType = wrapper.framework; name = CoreData.framework; path = System/Library/Frameworks/CoreData.framework; sourceTree = SDKROOT; };
		55CFC4A41C84AB9F00E151AB /* FeedTableViewController.swift */ = {isa = PBXFileReference; fileEncoding = 4; lastKnownFileType = sourcecode.swift; path = FeedTableViewController.swift; sourceTree = "<group>"; };
		55CFC4A71C84AD4C00E151AB /* FeedParser.swift */ = {isa = PBXFileReference; fileEncoding = 4; lastKnownFileType = sourcecode.swift; path = FeedParser.swift; sourceTree = "<group>"; };
/* End PBXFileReference section */

/* Begin PBXFrameworksBuildPhase section */
		55CFC46B1C84A99B00E151AB /* Frameworks */ = {
			isa = PBXFrameworksBuildPhase;
			buildActionMask = 2147483647;
			files = (
				55CFC4A31C84A9AE00E151AB /* CoreData.framework in Frameworks */,
			);
			runOnlyForDeploymentPostprocessing = 0;
		};
		55CFC4821C84A99B00E151AB /* Frameworks */ = {
			isa = PBXFrameworksBuildPhase;
			buildActionMask = 2147483647;
			files = (
			);
			runOnlyForDeploymentPostprocessing = 0;
		};
		55CFC48D1C84A99B00E151AB /* Frameworks */ = {
			isa = PBXFrameworksBuildPhase;
			buildActionMask = 2147483647;
			files = (
			);
			runOnlyForDeploymentPostprocessing = 0;
		};
/* End PBXFrameworksBuildPhase section */

/* Begin PBXGroup section */
		55CFC4651C84A99B00E151AB = {
			isa = PBXGroup;
			children = (
				55CFC4A21C84A9AE00E151AB /* CoreData.framework */,
				55CFC4701C84A99B00E151AB /* Abercrombie */,
				55CFC4881C84A99B00E151AB /* AbercrombieTests */,
				55CFC4931C84A99B00E151AB /* AbercrombieUITests */,
				55CFC46F1C84A99B00E151AB /* Products */,
			);
			sourceTree = "<group>";
		};
		55CFC46F1C84A99B00E151AB /* Products */ = {
			isa = PBXGroup;
			children = (
				55CFC46E1C84A99B00E151AB /* Abercrombie.app */,
				55CFC4851C84A99B00E151AB /* AbercrombieTests.xctest */,
				55CFC4901C84A99B00E151AB /* AbercrombieUITests.xctest */,
			);
			name = Products;
			sourceTree = "<group>";
		};
		55CFC4701C84A99B00E151AB /* Abercrombie */ = {
			isa = PBXGroup;
			children = (
				55CFC4A61C84AD2800E151AB /* SwiftFeedParser */,
				55CFC4711C84A99B00E151AB /* AppDelegate.swift */,
				55CFC4751C84A99B00E151AB /* Main.storyboard */,
				55CFC47B1C84A99B00E151AB /* Assets.xcassets */,
				5572A2EA1C863C6E00582E7B /* rss.png */,
				55CFC4801C84A99B00E151AB /* Info.plist */,
				55CFC4A41C84AB9F00E151AB /* FeedTableViewController.swift */,
				5572A2EC1C8745C600582E7B /* FeedCell.swift */,
				5572A2E51C86358A00582E7B /* FeedArticleViewController.swift */,
			);
			path = Abercrombie;
			sourceTree = "<group>";
		};
		55CFC4881C84A99B00E151AB /* AbercrombieTests */ = {
			isa = PBXGroup;
			children = (
				55CFC4891C84A99B00E151AB /* AbercrombieTests.swift */,
				55CFC48B1C84A99B00E151AB /* Info.plist */,
			);
			path = AbercrombieTests;
			sourceTree = "<group>";
		};
		55CFC4931C84A99B00E151AB /* AbercrombieUITests */ = {
			isa = PBXGroup;
			children = (
				55CFC4941C84A99B00E151AB /* AbercrombieUITests.swift */,
				55CFC4961C84A99B00E151AB /* Info.plist */,
			);
			path = AbercrombieUITests;
			sourceTree = "<group>";
		};
		55CFC4A61C84AD2800E151AB /* SwiftFeedParser */ = {
			isa = PBXGroup;
			children = (
				5549FACC1C8623D1002E12B1 /* FeedChannel.swift */,
				5549FACD1C8623D1002E12B1 /* FeedEnclosure.swift */,
				5549FACE1C8623D1002E12B1 /* FeedItem.swift */,
				5549FACA1C8623C0002E12B1 /* NSDate+FeedsDate.swift */,
				55CFC4A71C84AD4C00E151AB /* FeedParser.swift */,
			);
			name = SwiftFeedParser;
			sourceTree = "<group>";
		};
/* End PBXGroup section */

/* Begin PBXNativeTarget section */
		55CFC46D1C84A99B00E151AB /* Abercrombie */ = {
			isa = PBXNativeTarget;
			buildConfigurationList = 55CFC4991C84A99B00E151AB /* Build configuration list for PBXNativeTarget "Abercrombie" */;
			buildPhases = (
				55CFC46A1C84A99B00E151AB /* Sources */,
				55CFC46B1C84A99B00E151AB /* Frameworks */,
				55CFC46C1C84A99B00E151AB /* Resources */,
			);
			buildRules = (
			);
			dependencies = (
			);
			name = Abercrombie;
			productName = Abercrombie;
			productReference = 55CFC46E1C84A99B00E151AB /* Abercrombie.app */;
			productType = "com.apple.product-type.application";
		};
		55CFC4841C84A99B00E151AB /* AbercrombieTests */ = {
			isa = PBXNativeTarget;
			buildConfigurationList = 55CFC49C1C84A99B00E151AB /* Build configuration list for PBXNativeTarget "AbercrombieTests" */;
			buildPhases = (
				55CFC4811C84A99B00E151AB /* Sources */,
				55CFC4821C84A99B00E151AB /* Frameworks */,
				55CFC4831C84A99B00E151AB /* Resources */,
			);
			buildRules = (
			);
			dependencies = (
				55CFC4871C84A99B00E151AB /* PBXTargetDependency */,
			);
			name = AbercrombieTests;
			productName = AbercrombieTests;
			productReference = 55CFC4851C84A99B00E151AB /* AbercrombieTests.xctest */;
			productType = "com.apple.product-type.bundle.unit-test";
		};
		55CFC48F1C84A99B00E151AB /* AbercrombieUITests */ = {
			isa = PBXNativeTarget;
			buildConfigurationList = 55CFC49F1C84A99B00E151AB /* Build configuration list for PBXNativeTarget "AbercrombieUITests" */;
			buildPhases = (
				55CFC48C1C84A99B00E151AB /* Sources */,
				55CFC48D1C84A99B00E151AB /* Frameworks */,
				55CFC48E1C84A99B00E151AB /* Resources */,
			);
			buildRules = (
			);
			dependencies = (
				55CFC4921C84A99B00E151AB /* PBXTargetDependency */,
			);
			name = AbercrombieUITests;
			productName = AbercrombieUITests;
			productReference = 55CFC4901C84A99B00E151AB /* AbercrombieUITests.xctest */;
			productType = "com.apple.product-type.bundle.ui-testing";
		};
/* End PBXNativeTarget section */

/* Begin PBXProject section */
		55CFC4661C84A99B00E151AB /* Project object */ = {
			isa = PBXProject;
			attributes = {
				LastSwiftUpdateCheck = 0720;
				LastUpgradeCheck = 0720;
				ORGANIZATIONNAME = CentricConsulting;
				TargetAttributes = {
					55CFC46D1C84A99B00E151AB = {
						CreatedOnToolsVersion = 7.2.1;
						DevelopmentTeam = FX46JB7V65;
					};
					55CFC4841C84A99B00E151AB = {
						CreatedOnToolsVersion = 7.2.1;
						TestTargetID = 55CFC46D1C84A99B00E151AB;
					};
					55CFC48F1C84A99B00E151AB = {
						CreatedOnToolsVersion = 7.2.1;
						TestTargetID = 55CFC46D1C84A99B00E151AB;
					};
				};
			};
			buildConfigurationList = 55CFC4691C84A99B00E151AB /* Build configuration list for PBXProject "Abercrombie" */;
			compatibilityVersion = "Xcode 3.2";
			developmentRegion = English;
			hasScannedForEncodings = 0;
			knownRegions = (
				en,
				Base,
			);
			mainGroup = 55CFC4651C84A99B00E151AB;
			productRefGroup = 55CFC46F1C84A99B00E151AB /* Products */;
			projectDirPath = "";
			projectRoot = "";
			targets = (
				55CFC46D1C84A99B00E151AB /* Abercrombie */,
				55CFC4841C84A99B00E151AB /* AbercrombieTests */,
				55CFC48F1C84A99B00E151AB /* AbercrombieUITests */,
			);
		};
/* End PBXProject section */

/* Begin PBXResourcesBuildPhase section */
		55CFC46C1C84A99B00E151AB /* Resources */ = {
			isa = PBXResourcesBuildPhase;
			buildActionMask = 2147483647;
			files = (
				55CFC47C1C84A99B00E151AB /* Assets.xcassets in Resources */,
				5572A2EB1C863C6E00582E7B /* rss.png in Resources */,
				55CFC4771C84A99B00E151AB /* Main.storyboard in Resources */,
			);
			runOnlyForDeploymentPostprocessing = 0;
		};
		55CFC4831C84A99B00E151AB /* Resources */ = {
			isa = PBXResourcesBuildPhase;
			buildActionMask = 2147483647;
			files = (
			);
			runOnlyForDeploymentPostprocessing = 0;
		};
		55CFC48E1C84A99B00E151AB /* Resources */ = {
			isa = PBXResourcesBuildPhase;
			buildActionMask = 2147483647;
			files = (
			);
			runOnlyForDeploymentPostprocessing = 0;
		};
/* End PBXResourcesBuildPhase section */

/* Begin PBXSourcesBuildPhase section */
		55CFC46A1C84A99B00E151AB /* Sources */ = {
			isa = PBXSourcesBuildPhase;
			buildActionMask = 2147483647;
			files = (
				5549FACB1C8623C0002E12B1 /* NSDate+FeedsDate.swift in Sources */,
				5549FACF1C8623D1002E12B1 /* FeedChannel.swift in Sources */,
				5572A2E61C86358A00582E7B /* FeedArticleViewController.swift in Sources */,
				55CFC4A81C84AD4C00E151AB /* FeedParser.swift in Sources */,
				5549FAD01C8623D1002E12B1 /* FeedEnclosure.swift in Sources */,
				5549FAD11C8623D1002E12B1 /* FeedItem.swift in Sources */,
				55CFC4721C84A99B00E151AB /* AppDelegate.swift in Sources */,
				55CFC4A51C84AB9F00E151AB /* FeedTableViewController.swift in Sources */,
				5572A2ED1C8745C600582E7B /* FeedCell.swift in Sources */,
			);
			runOnlyForDeploymentPostprocessing = 0;
		};
		55CFC4811C84A99B00E151AB /* Sources */ = {
			isa = PBXSourcesBuildPhase;
			buildActionMask = 2147483647;
			files = (
				55CFC48A1C84A99B00E151AB /* AbercrombieTests.swift in Sources */,
			);
			runOnlyForDeploymentPostprocessing = 0;
		};
		55CFC48C1C84A99B00E151AB /* Sources */ = {
			isa = PBXSourcesBuildPhase;
			buildActionMask = 2147483647;
			files = (
				55CFC4951C84A99B00E151AB /* AbercrombieUITests.swift in Sources */,
			);
			runOnlyForDeploymentPostprocessing = 0;
		};
/* End PBXSourcesBuildPhase section */

/* Begin PBXTargetDependency section */
		55CFC4871C84A99B00E151AB /* PBXTargetDependency */ = {
			isa = PBXTargetDependency;
			target = 55CFC46D1C84A99B00E151AB /* Abercrombie */;
			targetProxy = 55CFC4861C84A99B00E151AB /* PBXContainerItemProxy */;
		};
		55CFC4921C84A99B00E151AB /* PBXTargetDependency */ = {
			isa = PBXTargetDependency;
			target = 55CFC46D1C84A99B00E151AB /* Abercrombie */;
			targetProxy = 55CFC4911C84A99B00E151AB /* PBXContainerItemProxy */;
		};
/* End PBXTargetDependency section */

/* Begin PBXVariantGroup section */
		55CFC4751C84A99B00E151AB /* Main.storyboard */ = {
			isa = PBXVariantGroup;
			children = (
				55CFC4761C84A99B00E151AB /* Base */,
			);
			name = Main.storyboard;
			sourceTree = "<group>";
		};
/* End PBXVariantGroup section */

/* Begin XCBuildConfiguration section */
		55CFC4971C84A99B00E151AB /* Debug */ = {
			isa = XCBuildConfiguration;
			buildSettings = {
				ALWAYS_SEARCH_USER_PATHS = NO;
				CLANG_CXX_LANGUAGE_STANDARD = "gnu++0x";
				CLANG_CXX_LIBRARY = "libc++";
				CLANG_ENABLE_MODULES = YES;
				CLANG_ENABLE_OBJC_ARC = YES;
				CLANG_WARN_BOOL_CONVERSION = YES;
				CLANG_WARN_CONSTANT_CONVERSION = YES;
				CLANG_WARN_DIRECT_OBJC_ISA_USAGE = YES_ERROR;
				CLANG_WARN_EMPTY_BODY = YES;
				CLANG_WARN_ENUM_CONVERSION = YES;
				CLANG_WARN_INT_CONVERSION = YES;
				CLANG_WARN_OBJC_ROOT_CLASS = YES_ERROR;
				CLANG_WARN_UNREACHABLE_CODE = YES;
				CLANG_WARN__DUPLICATE_METHOD_MATCH = YES;
				"CODE_SIGN_IDENTITY[sdk=iphoneos*]" = "iPhone Developer";
				COPY_PHASE_STRIP = NO;
				DEBUG_INFORMATION_FORMAT = dwarf;
				ENABLE_STRICT_OBJC_MSGSEND = YES;
				ENABLE_TESTABILITY = YES;
				GCC_C_LANGUAGE_STANDARD = gnu99;
				GCC_DYNAMIC_NO_PIC = NO;
				GCC_NO_COMMON_BLOCKS = YES;
				GCC_OPTIMIZATION_LEVEL = 0;
				GCC_PREPROCESSOR_DEFINITIONS = (
					"DEBUG=1",
					"$(inherited)",
				);
				GCC_WARN_64_TO_32_BIT_CONVERSION = YES;
				GCC_WARN_ABOUT_RETURN_TYPE = YES_ERROR;
				GCC_WARN_UNDECLARED_SELECTOR = YES;
				GCC_WARN_UNINITIALIZED_AUTOS = YES_AGGRESSIVE;
				GCC_WARN_UNUSED_FUNCTION = YES;
				GCC_WARN_UNUSED_VARIABLE = YES;
				IPHONEOS_DEPLOYMENT_TARGET = 9.2;
				MTL_ENABLE_DEBUG_INFO = YES;
				ONLY_ACTIVE_ARCH = YES;
				SDKROOT = iphoneos;
				SWIFT_OPTIMIZATION_LEVEL = "-Onone";
			};
			name = Debug;
		};
		55CFC4981C84A99B00E151AB /* Release */ = {
			isa = XCBuildConfiguration;
			buildSettings = {
				ALWAYS_SEARCH_USER_PATHS = NO;
				CLANG_CXX_LANGUAGE_STANDARD = "gnu++0x";
				CLANG_CXX_LIBRARY = "libc++";
				CLANG_ENABLE_MODULES = YES;
				CLANG_ENABLE_OBJC_ARC = YES;
				CLANG_WARN_BOOL_CONVERSION = YES;
				CLANG_WARN_CONSTANT_CONVERSION = YES;
				CLANG_WARN_DIRECT_OBJC_ISA_USAGE = YES_ERROR;
				CLANG_WARN_EMPTY_BODY = YES;
				CLANG_WARN_ENUM_CONVERSION = YES;
				CLANG_WARN_INT_CONVERSION = YES;
				CLANG_WARN_OBJC_ROOT_CLASS = YES_ERROR;
				CLANG_WARN_UNREACHABLE_CODE = YES;
				CLANG_WARN__DUPLICATE_METHOD_MATCH = YES;
				"CODE_SIGN_IDENTITY[sdk=iphoneos*]" = "iPhone Developer";
				COPY_PHASE_STRIP = NO;
				DEBUG_INFORMATION_FORMAT = "dwarf-with-dsym";
				ENABLE_NS_ASSERTIONS = NO;
				ENABLE_STRICT_OBJC_MSGSEND = YES;
				GCC_C_LANGUAGE_STANDARD = gnu99;
				GCC_NO_COMMON_BLOCKS = YES;
				GCC_WARN_64_TO_32_BIT_CONVERSION = YES;
				GCC_WARN_ABOUT_RETURN_TYPE = YES_ERROR;
				GCC_WARN_UNDECLARED_SELECTOR = YES;
				GCC_WARN_UNINITIALIZED_AUTOS = YES_AGGRESSIVE;
				GCC_WARN_UNUSED_FUNCTION = YES;
				GCC_WARN_UNUSED_VARIABLE = YES;
				IPHONEOS_DEPLOYMENT_TARGET = 9.2;
				MTL_ENABLE_DEBUG_INFO = NO;
				SDKROOT = iphoneos;
				VALIDATE_PRODUCT = YES;
			};
			name = Release;
		};
		55CFC49A1C84A99B00E151AB /* Debug */ = {
			isa = XCBuildConfiguration;
			buildSettings = {
				ASSETCATALOG_COMPILER_APPICON_NAME = AppIcon;
				CODE_SIGN_IDENTITY = "iPhone Developer";
				"CODE_SIGN_IDENTITY[sdk=iphoneos*]" = "iPhone Developer";
				INFOPLIST_FILE = Abercrombie/Info.plist;
				LD_RUNPATH_SEARCH_PATHS = "$(inherited) @executable_path/Frameworks";
				PRODUCT_BUNDLE_IDENTIFIER = com.CentricConsulting.Abercrombie;
				PRODUCT_NAME = "$(TARGET_NAME)";
				PROVISIONING_PROFILE = "";
			};
			name = Debug;
		};
		55CFC49B1C84A99B00E151AB /* Release */ = {
			isa = XCBuildConfiguration;
			buildSettings = {
				ASSETCATALOG_COMPILER_APPICON_NAME = AppIcon;
				CODE_SIGN_IDENTITY = "iPhone Developer";
				"CODE_SIGN_IDENTITY[sdk=iphoneos*]" = "iPhone Developer";
				INFOPLIST_FILE = Abercrombie/Info.plist;
				LD_RUNPATH_SEARCH_PATHS = "$(inherited) @executable_path/Frameworks";
				PRODUCT_BUNDLE_IDENTIFIER = com.CentricConsulting.Abercrombie;
				PRODUCT_NAME = "$(TARGET_NAME)";
				PROVISIONING_PROFILE = "";
			};
			name = Release;
		};
		55CFC49D1C84A99B00E151AB /* Debug */ = {
			isa = XCBuildConfiguration;
			buildSettings = {
				BUNDLE_LOADER = "$(TEST_HOST)";
				INFOPLIST_FILE = AbercrombieTests/Info.plist;
				LD_RUNPATH_SEARCH_PATHS = "$(inherited) @executable_path/Frameworks @loader_path/Frameworks";
				PRODUCT_BUNDLE_IDENTIFIER = com.CentricConsulting.AbercrombieTests;
				PRODUCT_NAME = "$(TARGET_NAME)";
				TEST_HOST = "$(BUILT_PRODUCTS_DIR)/Abercrombie.app/Abercrombie";
			};
			name = Debug;
		};
		55CFC49E1C84A99B00E151AB /* Release */ = {
			isa = XCBuildConfiguration;
			buildSettings = {
				BUNDLE_LOADER = "$(TEST_HOST)";
				INFOPLIST_FILE = AbercrombieTests/Info.plist;
				LD_RUNPATH_SEARCH_PATHS = "$(inherited) @executable_path/Frameworks @loader_path/Frameworks";
				PRODUCT_BUNDLE_IDENTIFIER = com.CentricConsulting.AbercrombieTests;
				PRODUCT_NAME = "$(TARGET_NAME)";
				TEST_HOST = "$(BUILT_PRODUCTS_DIR)/Abercrombie.app/Abercrombie";
			};
			name = Release;
		};
		55CFC4A01C84A99B00E151AB /* Debug */ = {
			isa = XCBuildConfiguration;
			buildSettings = {
				INFOPLIST_FILE = AbercrombieUITests/Info.plist;
				LD_RUNPATH_SEARCH_PATHS = "$(inherited) @executable_path/Frameworks @loader_path/Frameworks";
				PRODUCT_BUNDLE_IDENTIFIER = com.CentricConsulting.AbercrombieUITests;
				PRODUCT_NAME = "$(TARGET_NAME)";
				TEST_TARGET_NAME = Abercrombie;
				USES_XCTRUNNER = YES;
			};
			name = Debug;
		};
		55CFC4A11C84A99B00E151AB /* Release */ = {
			isa = XCBuildConfiguration;
			buildSettings = {
				INFOPLIST_FILE = AbercrombieUITests/Info.plist;
				LD_RUNPATH_SEARCH_PATHS = "$(inherited) @executable_path/Frameworks @loader_path/Frameworks";
				PRODUCT_BUNDLE_IDENTIFIER = com.CentricConsulting.AbercrombieUITests;
				PRODUCT_NAME = "$(TARGET_NAME)";
				TEST_TARGET_NAME = Abercrombie;
				USES_XCTRUNNER = YES;
			};
			name = Release;
		};
/* End XCBuildConfiguration section */

/* Begin XCConfigurationList section */
		55CFC4691C84A99B00E151AB /* Build configuration list for PBXProject "Abercrombie" */ = {
			isa = XCConfigurationList;
			buildConfigurations = (
				55CFC4971C84A99B00E151AB /* Debug */,
				55CFC4981C84A99B00E151AB /* Release */,
			);
			defaultConfigurationIsVisible = 0;
			defaultConfigurationName = Release;
		};
		55CFC4991C84A99B00E151AB /* Build configuration list for PBXNativeTarget "Abercrombie" */ = {
			isa = XCConfigurationList;
			buildConfigurations = (
				55CFC49A1C84A99B00E151AB /* Debug */,
				55CFC49B1C84A99B00E151AB /* Release */,
			);
			defaultConfigurationIsVisible = 0;
			defaultConfigurationName = Release;
		};
		55CFC49C1C84A99B00E151AB /* Build configuration list for PBXNativeTarget "AbercrombieTests" */ = {
			isa = XCConfigurationList;
			buildConfigurations = (
				55CFC49D1C84A99B00E151AB /* Debug */,
				55CFC49E1C84A99B00E151AB /* Release */,
			);
			defaultConfigurationIsVisible = 0;
			defaultConfigurationName = Release;
		};
		55CFC49F1C84A99B00E151AB /* Build configuration list for PBXNativeTarget "AbercrombieUITests" */ = {
			isa = XCConfigurationList;
			buildConfigurations = (
				55CFC4A01C84A99B00E151AB /* Debug */,
				55CFC4A11C84A99B00E151AB /* Release */,
			);
			defaultConfigurationIsVisible = 0;
			defaultConfigurationName = Release;
		};
/* End XCConfigurationList section */
	};
	rootObject = 55CFC4661C84A99B00E151AB /* Project object */;
}
